{
  "name": "portfolio",
  "version": "1.0.0",
  "lockfileVersion": 1,
  "requires": true,
  "dependencies": {
    "@studio-freight/lenis": {
      "version": "1.0.13",
      "resolved": "https://registry.npmjs.org/@studio-freight/lenis/-/lenis-1.0.13.tgz",
      "integrity": "sha512-958JVgeCjaK1+28c9uK51xiVFw1E/fxW+w58SQFWPtPsUjlaH9ruKidmjET6FwqOKB0qpG4Z1euU3Mr/4dZb5A=="
    }
  }
}
